
Microsoft Visual Studio Solution File, Format Version 12.00
# Visual Studio 2013
VisualStudioVersion = 12.0.40629.0
MinimumVisualStudioVersion = 10.0.40219.1
Project("{FAE04EC0-301F-11D3-BF4B-00C04F79EFBC}") = "AutoMergeTool", "AutoMergeTool\AutoMergeTool.csproj", "{99E7D2DB-57C6-4C61-A1C2-3960154391E6}"
EndProject
Global
	GlobalSection(SolutionConfigurationPlatforms) = preSolution
		Debug|Any CPU = Debug|Any CPU
		Release|Any CPU = Release|Any CPU
	EndGlobalSection
	GlobalSection(ProjectConfigurationPlatforms) = postSolution
		{99E7D2DB-57C6-4C61-A1C2-3960154391E6}.Debug|Any CPU.ActiveCfg = Debug|Any CPU
		{99E7D2DB-57C6-4C61-A1C2-3960154391E6}.Debug|Any CPU.Build.0 = Debug|Any CPU
		{99E7D2DB-57C6-4C61-A1C2-3960154391E6}.Release|Any CPU.ActiveCfg = Release|Any CPU
		{99E7D2DB-57C6-4C61-A1C2-3960154391E6}.Release|Any CPU.Build.0 = Release|Any CPU
	EndGlobalSection
	GlobalSection(SolutionProperties) = preSolution
		HideSolutionNode = FALSE
	EndGlobalSection
EndGlobal
